
Microsoft Visual Studio Solution File, Format Version 12.00
# Visual Studio Version 17
VisualStudioVersion = 17.14.36221.1
MinimumVisualStudioVersion = 10.0.40219.1
Project("{FAE04EC0-301F-11D3-BF4B-00C04F79EFBC}") = "PTP.DB", "PTP.DB\PTP.DB.csproj", "{0F9AED16-F245-4D70-8C2B-8E7543AC8DFA}"
EndProject
Project("{FAE04EC0-301F-11D3-BF4B-00C04F79EFBC}") = "PTP.Disk", "PTP.Disk\PTP.Disk.csproj", "{12225BAA-7E84-4B82-8969-B9217801FAE9}"
EndProject
Project("{FAE04EC0-301F-11D3-BF4B-00C04F79EFBC}") = "PTP.Disk.Tests", "PTP.Disk.Tests\PTP.Disk.Tests.csproj", "{6CA9069A-6775-4285-B7F1-7E97BF2AC3BB}"
EndProject
Project("{FAE04EC0-301F-11D3-BF4B-00C04F79EFBC}") = "PTP.Log", "PTP.Log\PTP.Log.csproj", "{CDFAE675-668D-4744-A158-8EAC6CFD17FA}"
EndProject
Project("{FAE04EC0-301F-11D3-BF4B-00C04F79EFBC}") = "PTP.Log.Tests", "PTP.Log.Tests\PTP.Log.Tests.csproj", "{F34C67A9-62E0-4FB3-BF28-B01AAB1EEBAA}"
EndProject
Project("{FAE04EC0-301F-11D3-BF4B-00C04F79EFBC}") = "PTP.Shared", "PTP.Shared\PTP.Shared.csproj", "{2F93AA5F-52BA-4B75-B153-915B1DD444A6}"
EndProject
Project("{FAE04EC0-301F-11D3-BF4B-00C04F79EFBC}") = "PTP.Buffer", "PTP.Buffer\PTP.Buffer.csproj", "{60D608EE-4536-45B7-B609-91A8C3FDB4B0}"
EndProject
Project("{FAE04EC0-301F-11D3-BF4B-00C04F79EFBC}") = "PTP.Transaction", "PTP.Transaction\PTP.Transaction.csproj", "{75D6FBB6-ACF1-421B-B007-F0339A5F6829}"
EndProject
Project("{FAE04EC0-301F-11D3-BF4B-00C04F79EFBC}") = "PTP.Record", "PTP.Record\PTP.Record.csproj", "{B09EBBCB-F3DB-4CC3-B030-E6990A7AD9EF}"
EndProject
Project("{FAE04EC0-301F-11D3-BF4B-00C04F79EFBC}") = "PTP.Query", "PTP.Query\PTP.Query.csproj", "{F9A0FEFF-BC52-4B32-A006-33DF65336251}"
EndProject
Project("{FAE04EC0-301F-11D3-BF4B-00C04F79EFBC}") = "PTP.Metadata", "PTP.Metadata\PTP.Metadata.csproj", "{2B04296B-F91D-443E-A02B-E1C7C9927AD7}"
EndProject
Project("{FAE04EC0-301F-11D3-BF4B-00C04F79EFBC}") = "PTP.IndexData", "PTP.IndexData\PTP.IndexData.csproj", "{7B770618-2B24-4BF2-9E42-9D97037D27A5}"
EndProject
Project("{FAE04EC0-301F-11D3-BF4B-00C04F79EFBC}") = "PTP.QueryPlan", "PTP.QueryPlan\PTP.QueryPlan.csproj", "{0F5B3BA7-392A-41C6-B760-11DAB1800B08}"
EndProject
Global
	GlobalSection(SolutionConfigurationPlatforms) = preSolution
		Debug|Any CPU = Debug|Any CPU
		Release|Any CPU = Release|Any CPU
	EndGlobalSection
	GlobalSection(ProjectConfigurationPlatforms) = postSolution
		{0F9AED16-F245-4D70-8C2B-8E7543AC8DFA}.Debug|Any CPU.ActiveCfg = Debug|Any CPU
		{0F9AED16-F245-4D70-8C2B-8E7543AC8DFA}.Debug|Any CPU.Build.0 = Debug|Any CPU
		{0F9AED16-F245-4D70-8C2B-8E7543AC8DFA}.Release|Any CPU.ActiveCfg = Release|Any CPU
		{0F9AED16-F245-4D70-8C2B-8E7543AC8DFA}.Release|Any CPU.Build.0 = Release|Any CPU
		{12225BAA-7E84-4B82-8969-B9217801FAE9}.Debug|Any CPU.ActiveCfg = Debug|Any CPU
		{12225BAA-7E84-4B82-8969-B9217801FAE9}.Debug|Any CPU.Build.0 = Debug|Any CPU
		{12225BAA-7E84-4B82-8969-B9217801FAE9}.Release|Any CPU.ActiveCfg = Release|Any CPU
		{12225BAA-7E84-4B82-8969-B9217801FAE9}.Release|Any CPU.Build.0 = Release|Any CPU
		{6CA9069A-6775-4285-B7F1-7E97BF2AC3BB}.Debug|Any CPU.ActiveCfg = Debug|Any CPU
		{6CA9069A-6775-4285-B7F1-7E97BF2AC3BB}.Debug|Any CPU.Build.0 = Debug|Any CPU
		{6CA9069A-6775-4285-B7F1-7E97BF2AC3BB}.Release|Any CPU.ActiveCfg = Release|Any CPU
		{6CA9069A-6775-4285-B7F1-7E97BF2AC3BB}.Release|Any CPU.Build.0 = Release|Any CPU
		{CDFAE675-668D-4744-A158-8EAC6CFD17FA}.Debug|Any CPU.ActiveCfg = Debug|Any CPU
		{CDFAE675-668D-4744-A158-8EAC6CFD17FA}.Debug|Any CPU.Build.0 = Debug|Any CPU
		{CDFAE675-668D-4744-A158-8EAC6CFD17FA}.Release|Any CPU.ActiveCfg = Release|Any CPU
		{CDFAE675-668D-4744-A158-8EAC6CFD17FA}.Release|Any CPU.Build.0 = Release|Any CPU
		{F34C67A9-62E0-4FB3-BF28-B01AAB1EEBAA}.Debug|Any CPU.ActiveCfg = Debug|Any CPU
		{F34C67A9-62E0-4FB3-BF28-B01AAB1EEBAA}.Debug|Any CPU.Build.0 = Debug|Any CPU
		{F34C67A9-62E0-4FB3-BF28-B01AAB1EEBAA}.Release|Any CPU.ActiveCfg = Release|Any CPU
		{F34C67A9-62E0-4FB3-BF28-B01AAB1EEBAA}.Release|Any CPU.Build.0 = Release|Any CPU
		{2F93AA5F-52BA-4B75-B153-915B1DD444A6}.Debug|Any CPU.ActiveCfg = Debug|Any CPU
		{2F93AA5F-52BA-4B75-B153-915B1DD444A6}.Debug|Any CPU.Build.0 = Debug|Any CPU
		{2F93AA5F-52BA-4B75-B153-915B1DD444A6}.Release|Any CPU.ActiveCfg = Release|Any CPU
		{2F93AA5F-52BA-4B75-B153-915B1DD444A6}.Release|Any CPU.Build.0 = Release|Any CPU
		{60D608EE-4536-45B7-B609-91A8C3FDB4B0}.Debug|Any CPU.ActiveCfg = Debug|Any CPU
		{60D608EE-4536-45B7-B609-91A8C3FDB4B0}.Debug|Any CPU.Build.0 = Debug|Any CPU
		{60D608EE-4536-45B7-B609-91A8C3FDB4B0}.Release|Any CPU.ActiveCfg = Release|Any CPU
		{60D608EE-4536-45B7-B609-91A8C3FDB4B0}.Release|Any CPU.Build.0 = Release|Any CPU
		{75D6FBB6-ACF1-421B-B007-F0339A5F6829}.Debug|Any CPU.ActiveCfg = Debug|Any CPU
		{75D6FBB6-ACF1-421B-B007-F0339A5F6829}.Debug|Any CPU.Build.0 = Debug|Any CPU
		{75D6FBB6-ACF1-421B-B007-F0339A5F6829}.Release|Any CPU.ActiveCfg = Release|Any CPU
		{75D6FBB6-ACF1-421B-B007-F0339A5F6829}.Release|Any CPU.Build.0 = Release|Any CPU
		{B09EBBCB-F3DB-4CC3-B030-E6990A7AD9EF}.Debug|Any CPU.ActiveCfg = Debug|Any CPU
		{B09EBBCB-F3DB-4CC3-B030-E6990A7AD9EF}.Debug|Any CPU.Build.0 = Debug|Any CPU
		{B09EBBCB-F3DB-4CC3-B030-E6990A7AD9EF}.Release|Any CPU.ActiveCfg = Release|Any CPU
		{B09EBBCB-F3DB-4CC3-B030-E6990A7AD9EF}.Release|Any CPU.Build.0 = Release|Any CPU
		{F9A0FEFF-BC52-4B32-A006-33DF65336251}.Debug|Any CPU.ActiveCfg = Debug|Any CPU
		{F9A0FEFF-BC52-4B32-A006-33DF65336251}.Debug|Any CPU.Build.0 = Debug|Any CPU
		{F9A0FEFF-BC52-4B32-A006-33DF65336251}.Release|Any CPU.ActiveCfg = Release|Any CPU
		{F9A0FEFF-BC52-4B32-A006-33DF65336251}.Release|Any CPU.Build.0 = Release|Any CPU
		{2B04296B-F91D-443E-A02B-E1C7C9927AD7}.Debug|Any CPU.ActiveCfg = Debug|Any CPU
		{2B04296B-F91D-443E-A02B-E1C7C9927AD7}.Debug|Any CPU.Build.0 = Debug|Any CPU
		{2B04296B-F91D-443E-A02B-E1C7C9927AD7}.Release|Any CPU.ActiveCfg = Release|Any CPU
		{2B04296B-F91D-443E-A02B-E1C7C9927AD7}.Release|Any CPU.Build.0 = Release|Any CPU
		{7B770618-2B24-4BF2-9E42-9D97037D27A5}.Debug|Any CPU.ActiveCfg = Debug|Any CPU
		{7B770618-2B24-4BF2-9E42-9D97037D27A5}.Debug|Any CPU.Build.0 = Debug|Any CPU
		{7B770618-2B24-4BF2-9E42-9D97037D27A5}.Release|Any CPU.ActiveCfg = Release|Any CPU
		{7B770618-2B24-4BF2-9E42-9D97037D27A5}.Release|Any CPU.Build.0 = Release|Any CPU
		{0F5B3BA7-392A-41C6-B760-11DAB1800B08}.Debug|Any CPU.ActiveCfg = Debug|Any CPU
		{0F5B3BA7-392A-41C6-B760-11DAB1800B08}.Debug|Any CPU.Build.0 = Debug|Any CPU
		{0F5B3BA7-392A-41C6-B760-11DAB1800B08}.Release|Any CPU.ActiveCfg = Release|Any CPU
		{0F5B3BA7-392A-41C6-B760-11DAB1800B08}.Release|Any CPU.Build.0 = Release|Any CPU
	EndGlobalSection
	GlobalSection(SolutionProperties) = preSolution
		HideSolutionNode = FALSE
	EndGlobalSection
	GlobalSection(ExtensibilityGlobals) = postSolution
		SolutionGuid = {24088DE5-4472-4395-AF4A-3BED66935B8C}
	EndGlobalSection
EndGlobal
